
Microsoft Visual Studio Solution File, Format Version 12.00
# Visual Studio 15
VisualStudioVersion = 15.0.28307.489
MinimumVisualStudioVersion = 10.0.40219.1
Project("{9A19103F-16F7-4668-BE54-9A1E7A4F7556}") = "FolioLibrary", "FolioLibrary\FolioLibrary.csproj", "{91B05C50-998F-4E7B-9152-D1FC04491DD2}"
EndProject
Project("{9A19103F-16F7-4668-BE54-9A1E7A4F7556}") = "FolioConsoleApplication", "FolioConsoleApplication\FolioConsoleApplication.csproj", "{5916FE4B-2056-4301-A1CD-87EF3E29EC7D}"
EndProject
Project("{2150E333-8FDC-42A3-9474-1A3956D46DE8}") = "Solution Items", "Solution Items", "{8C955615-4002-4EB8-B571-1F01AC48A76F}"
	ProjectSection(SolutionItems) = preProject
		README.md = README.md
	EndProjectSection
EndProject
Global
	GlobalSection(SolutionConfigurationPlatforms) = preSolution
		Debug|Any CPU = Debug|Any CPU
		Release|Any CPU = Release|Any CPU
	EndGlobalSection
	GlobalSection(ProjectConfigurationPlatforms) = postSolution
		{91B05C50-998F-4E7B-9152-D1FC04491DD2}.Debug|Any CPU.ActiveCfg = Debug|Any CPU
		{91B05C50-998F-4E7B-9152-D1FC04491DD2}.Debug|Any CPU.Build.0 = Debug|Any CPU
		{91B05C50-998F-4E7B-9152-D1FC04491DD2}.Release|Any CPU.ActiveCfg = Release|Any CPU
		{91B05C50-998F-4E7B-9152-D1FC04491DD2}.Release|Any CPU.Build.0 = Release|Any CPU
		{5916FE4B-2056-4301-A1CD-87EF3E29EC7D}.Debug|Any CPU.ActiveCfg = Debug|Any CPU
		{5916FE4B-2056-4301-A1CD-87EF3E29EC7D}.Debug|Any CPU.Build.0 = Debug|Any CPU
		{5916FE4B-2056-4301-A1CD-87EF3E29EC7D}.Release|Any CPU.ActiveCfg = Release|Any CPU
		{5916FE4B-2056-4301-A1CD-87EF3E29EC7D}.Release|Any CPU.Build.0 = Release|Any CPU
	EndGlobalSection
	GlobalSection(SolutionProperties) = preSolution
		HideSolutionNode = FALSE
	EndGlobalSection
	GlobalSection(ExtensibilityGlobals) = postSolution
		SolutionGuid = {13ED3E00-2731-4A53-8BA5-EA66E1DE9216}
	EndGlobalSection
EndGlobal
